
Microsoft Visual Studio Solution File, Format Version 12.00
# Visual Studio 15
VisualStudioVersion = 15.0.27130.2036
MinimumVisualStudioVersion = 10.0.40219.1
Project("{9A19103F-16F7-4668-BE54-9A1E7A4F7556}") = "teleprompter-console", "teleprompter-console.csproj", "{CEF3194C-1526-4DBC-9892-047EB91BEE1C}"
EndProject
Global
	GlobalSection(SolutionConfigurationPlatforms) = preSolution
		Debug|Any CPU = Debug|Any CPU
		Release|Any CPU = Release|Any CPU
	EndGlobalSection
	GlobalSection(ProjectConfigurationPlatforms) = postSolution
		{CEF3194C-1526-4DBC-9892-047EB91BEE1C}.Debug|Any CPU.ActiveCfg = Debug|Any CPU
		{CEF3194C-1526-4DBC-9892-047EB91BEE1C}.Debug|Any CPU.Build.0 = Debug|Any CPU
		{CEF3194C-1526-4DBC-9892-047EB91BEE1C}.Release|Any CPU.ActiveCfg = Release|Any CPU
		{CEF3194C-1526-4DBC-9892-047EB91BEE1C}.Release|Any CPU.Build.0 = Release|Any CPU
	EndGlobalSection
	GlobalSection(SolutionProperties) = preSolution
		HideSolutionNode = FALSE
	EndGlobalSection
	GlobalSection(ExtensibilityGlobals) = postSolution
		SolutionGuid = {FB2012B2-C305-4655-A049-98BB296CE0DA}
	EndGlobalSection
EndGlobal
